
Microsoft Visual Studio Solution File, Format Version 12.00
# Visual Studio Version 16
VisualStudioVersion = 25.0.1706.6
MinimumVisualStudioVersion = 10.0.40219.1
Project("{FAE04EC0-301F-11D3-BF4B-00C04F79EFBC}") = "ClassMetot", "ClassMetot\ClassMetot.csproj", "{3F40AF40-CD09-4CC8-A33B-35D40C33490C}"
EndProject
Global
	GlobalSection(SolutionConfigurationPlatforms) = preSolution
		Debug|Any CPU = Debug|Any CPU
		Release|Any CPU = Release|Any CPU
	EndGlobalSection
	GlobalSection(ProjectConfigurationPlatforms) = postSolution
		{3F40AF40-CD09-4CC8-A33B-35D40C33490C}.Debug|Any CPU.ActiveCfg = Debug|Any CPU
		{3F40AF40-CD09-4CC8-A33B-35D40C33490C}.Debug|Any CPU.Build.0 = Debug|Any CPU
		{3F40AF40-CD09-4CC8-A33B-35D40C33490C}.Release|Any CPU.ActiveCfg = Release|Any CPU
		{3F40AF40-CD09-4CC8-A33B-35D40C33490C}.Release|Any CPU.Build.0 = Release|Any CPU
	EndGlobalSection
	GlobalSection(SolutionProperties) = preSolution
		HideSolutionNode = FALSE
	EndGlobalSection
	GlobalSection(ExtensibilityGlobals) = postSolution
		SolutionGuid = {641CEC2B-E563-4127-9235-30AF3A7C813B}
	EndGlobalSection
EndGlobal
